// !$*UTF8*$!
{
	archiveVersion = 1;
	classes = {
	};
	objectVersion = 55;
	objects = {

/* Begin PBXBuildFile section */
		D5F97A20282316E200005762 /* AppDelegate.swift in Sources */ = {isa = PBXBuildFile; fileRef = D5F97A1F282316E200005762 /* AppDelegate.swift */; };
		D5F97A22282316E200005762 /* SceneDelegate.swift in Sources */ = {isa = PBXBuildFile; fileRef = D5F97A21282316E200005762 /* SceneDelegate.swift */; };
		D5F97A29282316E500005762 /* Assets.xcassets in Resources */ = {isa = PBXBuildFile; fileRef = D5F97A28282316E500005762 /* Assets.xcassets */; };
		D5F97A2C282316E500005762 /* LaunchScreen.storyboard in Resources */ = {isa = PBXBuildFile; fileRef = D5F97A2A282316E500005762 /* LaunchScreen.storyboard */; };
		D5F97A3A2823183B00005762 /* UserPickerViewController.swift in Sources */ = {isa = PBXBuildFile; fileRef = D5F97A392823183B00005762 /* UserPickerViewController.swift */; };
		D5F97A3C2823184500005762 /* UserPickerViewController+Layout.swift in Sources */ = {isa = PBXBuildFile; fileRef = D5F97A3B2823184500005762 /* UserPickerViewController+Layout.swift */; };
		D5F97A3E2823184900005762 /* UserPickerPresenter.swift in Sources */ = {isa = PBXBuildFile; fileRef = D5F97A3D2823184900005762 /* UserPickerPresenter.swift */; };
		D5F97A402823184D00005762 /* UserPickerInteractor.swift in Sources */ = {isa = PBXBuildFile; fileRef = D5F97A3F2823184D00005762 /* UserPickerInteractor.swift */; };
		D5F97A422823185400005762 /* UserPickerRouter.swift in Sources */ = {isa = PBXBuildFile; fileRef = D5F97A412823185400005762 /* UserPickerRouter.swift */; };
		D5F97A452823188000005762 /* ViewController+Layout.swift in Sources */ = {isa = PBXBuildFile; fileRef = D5F97A442823188000005762 /* ViewController+Layout.swift */; };
		D5F97A472823188700005762 /* View+Layout.swift in Sources */ = {isa = PBXBuildFile; fileRef = D5F97A462823188700005762 /* View+Layout.swift */; };
		D5F97A4A2823191400005762 /* BaseWireframe.swift in Sources */ = {isa = PBXBuildFile; fileRef = D5F97A492823191400005762 /* BaseWireframe.swift */; };
		D5F97A4C2823191E00005762 /* PresentationProtocol.swift in Sources */ = {isa = PBXBuildFile; fileRef = D5F97A4B2823191E00005762 /* PresentationProtocol.swift */; };
		D5F97A4E282319B200005762 /* BaseNavigationController.swift in Sources */ = {isa = PBXBuildFile; fileRef = D5F97A4D282319B200005762 /* BaseNavigationController.swift */; };
		D5F97A50282319CC00005762 /* BaseViewController.swift in Sources */ = {isa = PBXBuildFile; fileRef = D5F97A4F282319CC00005762 /* BaseViewController.swift */; };
		D5F97A5228231A4600005762 /* GeneralPreferences.swift in Sources */ = {isa = PBXBuildFile; fileRef = D5F97A5128231A4600005762 /* GeneralPreferences.swift */; };
		D5F97A5428231A9A00005762 /* StorageKey.swift in Sources */ = {isa = PBXBuildFile; fileRef = D5F97A5328231A9A00005762 /* StorageKey.swift */; };
		D5F97A5728231B3500005762 /* SceneManager.swift in Sources */ = {isa = PBXBuildFile; fileRef = D5F97A5628231B3500005762 /* SceneManager.swift */; };
		D5F97A5928231CAF00005762 /* Colors.xcassets in Resources */ = {isa = PBXBuildFile; fileRef = D5F97A5828231CAF00005762 /* Colors.xcassets */; };
		D5F97A5B28231CC500005762 /* Color+AppColors.swift in Sources */ = {isa = PBXBuildFile; fileRef = D5F97A5A28231CC500005762 /* Color+AppColors.swift */; };
		D5F97A5E28231DE100005762 /* User.swift in Sources */ = {isa = PBXBuildFile; fileRef = D5F97A5D28231DE100005762 /* User.swift */; };
/* End PBXBuildFile section */

/* Begin PBXFileReference section */
		D5F97A1C282316E200005762 /* Medium.app */ = {isa = PBXFileReference; explicitFileType = wrapper.application; includeInIndex = 0; path = Medium.app; sourceTree = BUILT_PRODUCTS_DIR; };
		D5F97A1F282316E200005762 /* AppDelegate.swift */ = {isa = PBXFileReference; lastKnownFileType = sourcecode.swift; path = AppDelegate.swift; sourceTree = "<group>"; };
		D5F97A21282316E200005762 /* SceneDelegate.swift */ = {isa = PBXFileReference; lastKnownFileType = sourcecode.swift; path = SceneDelegate.swift; sourceTree = "<group>"; };
		D5F97A28282316E500005762 /* Assets.xcassets */ = {isa = PBXFileReference; lastKnownFileType = folder.assetcatalog; path = Assets.xcassets; sourceTree = "<group>"; };
		D5F97A2B282316E500005762 /* Base */ = {isa = PBXFileReference; lastKnownFileType = file.storyboard; name = Base; path = Base.lproj/LaunchScreen.storyboard; sourceTree = "<group>"; };
		D5F97A2D282316E500005762 /* Info.plist */ = {isa = PBXFileReference; lastKnownFileType = text.plist.xml; path = Info.plist; sourceTree = "<group>"; };
		D5F97A392823183B00005762 /* UserPickerViewController.swift */ = {isa = PBXFileReference; lastKnownFileType = sourcecode.swift; path = UserPickerViewController.swift; sourceTree = "<group>"; };
		D5F97A3B2823184500005762 /* UserPickerViewController+Layout.swift */ = {isa = PBXFileReference; lastKnownFileType = sourcecode.swift; path = "UserPickerViewController+Layout.swift"; sourceTree = "<group>"; };
		D5F97A3D2823184900005762 /* UserPickerPresenter.swift */ = {isa = PBXFileReference; lastKnownFileType = sourcecode.swift; path = UserPickerPresenter.swift; sourceTree = "<group>"; };
		D5F97A3F2823184D00005762 /* UserPickerInteractor.swift */ = {isa = PBXFileReference; lastKnownFileType = sourcecode.swift; path = UserPickerInteractor.swift; sourceTree = "<group>"; };
		D5F97A412823185400005762 /* UserPickerRouter.swift */ = {isa = PBXFileReference; lastKnownFileType = sourcecode.swift; path = UserPickerRouter.swift; sourceTree = "<group>"; };
		D5F97A442823188000005762 /* ViewController+Layout.swift */ = {isa = PBXFileReference; lastKnownFileType = sourcecode.swift; path = "ViewController+Layout.swift"; sourceTree = "<group>"; };
		D5F97A462823188700005762 /* View+Layout.swift */ = {isa = PBXFileReference; lastKnownFileType = sourcecode.swift; path = "View+Layout.swift"; sourceTree = "<group>"; };
		D5F97A492823191400005762 /* BaseWireframe.swift */ = {isa = PBXFileReference; lastKnownFileType = sourcecode.swift; path = BaseWireframe.swift; sourceTree = "<group>"; };
		D5F97A4B2823191E00005762 /* PresentationProtocol.swift */ = {isa = PBXFileReference; lastKnownFileType = sourcecode.swift; path = PresentationProtocol.swift; sourceTree = "<group>"; };
		D5F97A4D282319B200005762 /* BaseNavigationController.swift */ = {isa = PBXFileReference; lastKnownFileType = sourcecode.swift; path = BaseNavigationController.swift; sourceTree = "<group>"; };
		D5F97A4F282319CC00005762 /* BaseViewController.swift */ = {isa = PBXFileReference; lastKnownFileType = sourcecode.swift; path = BaseViewController.swift; sourceTree = "<group>"; };
		D5F97A5128231A4600005762 /* GeneralPreferences.swift */ = {isa = PBXFileReference; lastKnownFileType = sourcecode.swift; path = GeneralPreferences.swift; sourceTree = "<group>"; };
		D5F97A5328231A9A00005762 /* StorageKey.swift */ = {isa = PBXFileReference; lastKnownFileType = sourcecode.swift; path = StorageKey.swift; sourceTree = "<group>"; };
		D5F97A5628231B3500005762 /* SceneManager.swift */ = {isa = PBXFileReference; lastKnownFileType = sourcecode.swift; path = SceneManager.swift; sourceTree = "<group>"; };
		D5F97A5828231CAF00005762 /* Colors.xcassets */ = {isa = PBXFileReference; lastKnownFileType = folder.assetcatalog; path = Colors.xcassets; sourceTree = "<group>"; };
		D5F97A5A28231CC500005762 /* Color+AppColors.swift */ = {isa = PBXFileReference; lastKnownFileType = sourcecode.swift; path = "Color+AppColors.swift"; sourceTree = "<group>"; };
		D5F97A5D28231DE100005762 /* User.swift */ = {isa = PBXFileReference; lastKnownFileType = sourcecode.swift; path = User.swift; sourceTree = "<group>"; };
/* End PBXFileReference section */

/* Begin PBXFrameworksBuildPhase section */
		D5F97A19282316E200005762 /* Frameworks */ = {
			isa = PBXFrameworksBuildPhase;
			buildActionMask = 2147483647;
			files = (
			);
			runOnlyForDeploymentPostprocessing = 0;
		};
/* End PBXFrameworksBuildPhase section */

/* Begin PBXGroup section */
		D5F97A13282316E200005762 = {
			isa = PBXGroup;
			children = (
				D5F97A1E282316E200005762 /* Medium */,
				D5F97A1D282316E200005762 /* Products */,
			);
			sourceTree = "<group>";
		};
		D5F97A1D282316E200005762 /* Products */ = {
			isa = PBXGroup;
			children = (
				D5F97A1C282316E200005762 /* Medium.app */,
			);
			name = Products;
			sourceTree = "<group>";
		};
		D5F97A1E282316E200005762 /* Medium */ = {
			isa = PBXGroup;
			children = (
				D5F97A482823190B00005762 /* Base */,
				D5F97A5528231AA400005762 /* Common */,
				D5F97A382823182A00005762 /* Manager */,
				D5F97A5C28231DC900005762 /* Model */,
				D5F97A34282317D000005762 /* Module */,
				D5F97A432823186200005762 /* Extension */,
				D5F97A35282317DE00005762 /* Resources */,
				D5F97A2D282316E500005762 /* Info.plist */,
			);
			path = Medium;
			sourceTree = "<group>";
		};
		D5F97A332823178300005762 /* Main */ = {
			isa = PBXGroup;
			children = (
				D5F97A1F282316E200005762 /* AppDelegate.swift */,
				D5F97A21282316E200005762 /* SceneDelegate.swift */,
			);
			path = Main;
			sourceTree = "<group>";
		};
		D5F97A34282317D000005762 /* Module */ = {
			isa = PBXGroup;
			children = (
				D5F97A332823178300005762 /* Main */,
				D5F97A36282317E500005762 /* Launch */,
				D5F97A372823181C00005762 /* UserPicker */,
			);
			path = Module;
			sourceTree = "<group>";
		};
		D5F97A35282317DE00005762 /* Resources */ = {
			isa = PBXGroup;
			children = (
				D5F97A28282316E500005762 /* Assets.xcassets */,
				D5F97A5828231CAF00005762 /* Colors.xcassets */,
			);
			path = Resources;
			sourceTree = "<group>";
		};
		D5F97A36282317E500005762 /* Launch */ = {
			isa = PBXGroup;
			children = (
				D5F97A2A282316E500005762 /* LaunchScreen.storyboard */,
			);
			path = Launch;
			sourceTree = "<group>";
		};
		D5F97A372823181C00005762 /* UserPicker */ = {
			isa = PBXGroup;
			children = (
				D5F97A392823183B00005762 /* UserPickerViewController.swift */,
				D5F97A3B2823184500005762 /* UserPickerViewController+Layout.swift */,
				D5F97A3D2823184900005762 /* UserPickerPresenter.swift */,
				D5F97A3F2823184D00005762 /* UserPickerInteractor.swift */,
				D5F97A412823185400005762 /* UserPickerRouter.swift */,
			);
			path = UserPicker;
			sourceTree = "<group>";
		};
		D5F97A382823182A00005762 /* Manager */ = {
			isa = PBXGroup;
			children = (
				D5F97A5128231A4600005762 /* GeneralPreferences.swift */,
				D5F97A5628231B3500005762 /* SceneManager.swift */,
			);
			path = Manager;
			sourceTree = "<group>";
		};
		D5F97A432823186200005762 /* Extension */ = {
			isa = PBXGroup;
			children = (
				D5F97A442823188000005762 /* ViewController+Layout.swift */,
				D5F97A462823188700005762 /* View+Layout.swift */,
				D5F97A5A28231CC500005762 /* Color+AppColors.swift */,
			);
			path = Extension;
			sourceTree = "<group>";
		};
		D5F97A482823190B00005762 /* Base */ = {
			isa = PBXGroup;
			children = (
				D5F97A492823191400005762 /* BaseWireframe.swift */,
				D5F97A4B2823191E00005762 /* PresentationProtocol.swift */,
				D5F97A4D282319B200005762 /* BaseNavigationController.swift */,
				D5F97A4F282319CC00005762 /* BaseViewController.swift */,
			);
			path = Base;
			sourceTree = "<group>";
		};
		D5F97A5528231AA400005762 /* Common */ = {
			isa = PBXGroup;
			children = (
				D5F97A5328231A9A00005762 /* StorageKey.swift */,
			);
			path = Common;
			sourceTree = "<group>";
		};
		D5F97A5C28231DC900005762 /* Model */ = {
			isa = PBXGroup;
			children = (
				D5F97A5D28231DE100005762 /* User.swift */,
			);
			path = Model;
			sourceTree = "<group>";
		};
/* End PBXGroup section */

/* Begin PBXNativeTarget section */
		D5F97A1B282316E200005762 /* Medium */ = {
			isa = PBXNativeTarget;
			buildConfigurationList = D5F97A30282316E500005762 /* Build configuration list for PBXNativeTarget "Medium" */;
			buildPhases = (
				D5F97A18282316E200005762 /* Sources */,
				D5F97A19282316E200005762 /* Frameworks */,
				D5F97A1A282316E200005762 /* Resources */,
			);
			buildRules = (
			);
			dependencies = (
			);
			name = Medium;
			productName = Medium;
			productReference = D5F97A1C282316E200005762 /* Medium.app */;
			productType = "com.apple.product-type.application";
		};
/* End PBXNativeTarget section */

/* Begin PBXProject section */
		D5F97A14282316E200005762 /* Project object */ = {
			isa = PBXProject;
			attributes = {
				BuildIndependentTargetsInParallel = 1;
				LastSwiftUpdateCheck = 1330;
				LastUpgradeCheck = 1330;
				TargetAttributes = {
					D5F97A1B282316E200005762 = {
						CreatedOnToolsVersion = 13.3.1;
					};
				};
			};
			buildConfigurationList = D5F97A17282316E200005762 /* Build configuration list for PBXProject "Medium" */;
			compatibilityVersion = "Xcode 13.0";
			developmentRegion = en;
			hasScannedForEncodings = 0;
			knownRegions = (
				en,
				Base,
			);
			mainGroup = D5F97A13282316E200005762;
			productRefGroup = D5F97A1D282316E200005762 /* Products */;
			projectDirPath = "";
			projectRoot = "";
			targets = (
				D5F97A1B282316E200005762 /* Medium */,
			);
		};
/* End PBXProject section */

/* Begin PBXResourcesBuildPhase section */
		D5F97A1A282316E200005762 /* Resources */ = {
			isa = PBXResourcesBuildPhase;
			buildActionMask = 2147483647;
			files = (
				D5F97A5928231CAF00005762 /* Colors.xcassets in Resources */,
				D5F97A2C282316E500005762 /* LaunchScreen.storyboard in Resources */,
				D5F97A29282316E500005762 /* Assets.xcassets in Resources */,
			);
			runOnlyForDeploymentPostprocessing = 0;
		};
/* End PBXResourcesBuildPhase section */

/* Begin PBXSourcesBuildPhase section */
		D5F97A18282316E200005762 /* Sources */ = {
			isa = PBXSourcesBuildPhase;
			buildActionMask = 2147483647;
			files = (
				D5F97A50282319CC00005762 /* BaseViewController.swift in Sources */,
				D5F97A5428231A9A00005762 /* StorageKey.swift in Sources */,
				D5F97A402823184D00005762 /* UserPickerInteractor.swift in Sources */,
				D5F97A4A2823191400005762 /* BaseWireframe.swift in Sources */,
				D5F97A3A2823183B00005762 /* UserPickerViewController.swift in Sources */,
				D5F97A3C2823184500005762 /* UserPickerViewController+Layout.swift in Sources */,
				D5F97A5728231B3500005762 /* SceneManager.swift in Sources */,
				D5F97A3E2823184900005762 /* UserPickerPresenter.swift in Sources */,
				D5F97A20282316E200005762 /* AppDelegate.swift in Sources */,
				D5F97A22282316E200005762 /* SceneDelegate.swift in Sources */,
				D5F97A452823188000005762 /* ViewController+Layout.swift in Sources */,
				D5F97A4E282319B200005762 /* BaseNavigationController.swift in Sources */,
				D5F97A4C2823191E00005762 /* PresentationProtocol.swift in Sources */,
				D5F97A422823185400005762 /* UserPickerRouter.swift in Sources */,
				D5F97A5E28231DE100005762 /* User.swift in Sources */,
				D5F97A472823188700005762 /* View+Layout.swift in Sources */,
				D5F97A5228231A4600005762 /* GeneralPreferences.swift in Sources */,
				D5F97A5B28231CC500005762 /* Color+AppColors.swift in Sources */,
			);
			runOnlyForDeploymentPostprocessing = 0;
		};
/* End PBXSourcesBuildPhase section */

/* Begin PBXVariantGroup section */
		D5F97A2A282316E500005762 /* LaunchScreen.storyboard */ = {
			isa = PBXVariantGroup;
			children = (
				D5F97A2B282316E500005762 /* Base */,
			);
			name = LaunchScreen.storyboard;
			sourceTree = "<group>";
		};
/* End PBXVariantGroup section */

/* Begin XCBuildConfiguration section */
		D5F97A2E282316E500005762 /* Debug */ = {
			isa = XCBuildConfiguration;
			buildSettings = {
				ALWAYS_SEARCH_USER_PATHS = NO;
				CLANG_ANALYZER_NONNULL = YES;
				CLANG_ANALYZER_NUMBER_OBJECT_CONVERSION = YES_AGGRESSIVE;
				CLANG_CXX_LANGUAGE_STANDARD = "gnu++17";
				CLANG_ENABLE_MODULES = YES;
				CLANG_ENABLE_OBJC_ARC = YES;
				CLANG_ENABLE_OBJC_WEAK = YES;
				CLANG_WARN_BLOCK_CAPTURE_AUTORELEASING = YES;
				CLANG_WARN_BOOL_CONVERSION = YES;
				CLANG_WARN_COMMA = YES;
				CLANG_WARN_CONSTANT_CONVERSION = YES;
				CLANG_WARN_DEPRECATED_OBJC_IMPLEMENTATIONS = YES;
				CLANG_WARN_DIRECT_OBJC_ISA_USAGE = YES_ERROR;
				CLANG_WARN_DOCUMENTATION_COMMENTS = YES;
				CLANG_WARN_EMPTY_BODY = YES;
				CLANG_WARN_ENUM_CONVERSION = YES;
				CLANG_WARN_INFINITE_RECURSION = YES;
				CLANG_WARN_INT_CONVERSION = YES;
				CLANG_WARN_NON_LITERAL_NULL_CONVERSION = YES;
				CLANG_WARN_OBJC_IMPLICIT_RETAIN_SELF = YES;
				CLANG_WARN_OBJC_LITERAL_CONVERSION = YES;
				CLANG_WARN_OBJC_ROOT_CLASS = YES_ERROR;
				CLANG_WARN_QUOTED_INCLUDE_IN_FRAMEWORK_HEADER = YES;
				CLANG_WARN_RANGE_LOOP_ANALYSIS = YES;
				CLANG_WARN_STRICT_PROTOTYPES = YES;
				CLANG_WARN_SUSPICIOUS_MOVE = YES;
				CLANG_WARN_UNGUARDED_AVAILABILITY = YES_AGGRESSIVE;
				CLANG_WARN_UNREACHABLE_CODE = YES;
				CLANG_WARN__DUPLICATE_METHOD_MATCH = YES;
				COPY_PHASE_STRIP = NO;
				DEBUG_INFORMATION_FORMAT = dwarf;
				ENABLE_STRICT_OBJC_MSGSEND = YES;
				ENABLE_TESTABILITY = YES;
				GCC_C_LANGUAGE_STANDARD = gnu11;
				GCC_DYNAMIC_NO_PIC = NO;
				GCC_NO_COMMON_BLOCKS = YES;
				GCC_OPTIMIZATION_LEVEL = 0;
				GCC_PREPROCESSOR_DEFINITIONS = (
					"DEBUG=1",
					"$(inherited)",
				);
				GCC_WARN_64_TO_32_BIT_CONVERSION = YES;
				GCC_WARN_ABOUT_RETURN_TYPE = YES_ERROR;
				GCC_WARN_UNDECLARED_SELECTOR = YES;
				GCC_WARN_UNINITIALIZED_AUTOS = YES_AGGRESSIVE;
				GCC_WARN_UNUSED_FUNCTION = YES;
				GCC_WARN_UNUSED_VARIABLE = YES;
				IPHONEOS_DEPLOYMENT_TARGET = 13.0;
				MTL_ENABLE_DEBUG_INFO = INCLUDE_SOURCE;
				MTL_FAST_MATH = YES;
				ONLY_ACTIVE_ARCH = YES;
				SDKROOT = iphoneos;
				SWIFT_ACTIVE_COMPILATION_CONDITIONS = DEBUG;
				SWIFT_OPTIMIZATION_LEVEL = "-Onone";
			};
			name = Debug;
		};
		D5F97A2F282316E500005762 /* Release */ = {
			isa = XCBuildConfiguration;
			buildSettings = {
				ALWAYS_SEARCH_USER_PATHS = NO;
				CLANG_ANALYZER_NONNULL = YES;
				CLANG_ANALYZER_NUMBER_OBJECT_CONVERSION = YES_AGGRESSIVE;
				CLANG_CXX_LANGUAGE_STANDARD = "gnu++17";
				CLANG_ENABLE_MODULES = YES;
				CLANG_ENABLE_OBJC_ARC = YES;
				CLANG_ENABLE_OBJC_WEAK = YES;
				CLANG_WARN_BLOCK_CAPTURE_AUTORELEASING = YES;
				CLANG_WARN_BOOL_CONVERSION = YES;
				CLANG_WARN_COMMA = YES;
				CLANG_WARN_CONSTANT_CONVERSION = YES;
				CLANG_WARN_DEPRECATED_OBJC_IMPLEMENTATIONS = YES;
				CLANG_WARN_DIRECT_OBJC_ISA_USAGE = YES_ERROR;
				CLANG_WARN_DOCUMENTATION_COMMENTS = YES;
				CLANG_WARN_EMPTY_BODY = YES;
				CLANG_WARN_ENUM_CONVERSION = YES;
				CLANG_WARN_INFINITE_RECURSION = YES;
				CLANG_WARN_INT_CONVERSION = YES;
				CLANG_WARN_NON_LITERAL_NULL_CONVERSION = YES;
				CLANG_WARN_OBJC_IMPLICIT_RETAIN_SELF = YES;
				CLANG_WARN_OBJC_LITERAL_CONVERSION = YES;
				CLANG_WARN_OBJC_ROOT_CLASS = YES_ERROR;
				CLANG_WARN_QUOTED_INCLUDE_IN_FRAMEWORK_HEADER = YES;
				CLANG_WARN_RANGE_LOOP_ANALYSIS = YES;
				CLANG_WARN_STRICT_PROTOTYPES = YES;
				CLANG_WARN_SUSPICIOUS_MOVE = YES;
				CLANG_WARN_UNGUARDED_AVAILABILITY = YES_AGGRESSIVE;
				CLANG_WARN_UNREACHABLE_CODE = YES;
				CLANG_WARN__DUPLICATE_METHOD_MATCH = YES;
				COPY_PHASE_STRIP = NO;
				DEBUG_INFORMATION_FORMAT = "dwarf-with-dsym";
				ENABLE_NS_ASSERTIONS = NO;
				ENABLE_STRICT_OBJC_MSGSEND = YES;
				GCC_C_LANGUAGE_STANDARD = gnu11;
				GCC_NO_COMMON_BLOCKS = YES;
				GCC_WARN_64_TO_32_BIT_CONVERSION = YES;
				GCC_WARN_ABOUT_RETURN_TYPE = YES_ERROR;
				GCC_WARN_UNDECLARED_SELECTOR = YES;
				GCC_WARN_UNINITIALIZED_AUTOS = YES_AGGRESSIVE;
				GCC_WARN_UNUSED_FUNCTION = YES;
				GCC_WARN_UNUSED_VARIABLE = YES;
				IPHONEOS_DEPLOYMENT_TARGET = 13.0;
				MTL_ENABLE_DEBUG_INFO = NO;
				MTL_FAST_MATH = YES;
				SDKROOT = iphoneos;
				SWIFT_COMPILATION_MODE = wholemodule;
				SWIFT_OPTIMIZATION_LEVEL = "-O";
				VALIDATE_PRODUCT = YES;
			};
			name = Release;
		};
		D5F97A31282316E500005762 /* Debug */ = {
			isa = XCBuildConfiguration;
			buildSettings = {
				ASSETCATALOG_COMPILER_APPICON_NAME = AppIcon;
				ASSETCATALOG_COMPILER_GLOBAL_ACCENT_COLOR_NAME = AccentColor;
				CODE_SIGN_STYLE = Automatic;
				CURRENT_PROJECT_VERSION = 1;
				DEVELOPMENT_TEAM = DNW46HQPWS;
				GENERATE_INFOPLIST_FILE = YES;
				INFOPLIST_FILE = Medium/Info.plist;
				INFOPLIST_KEY_UIApplicationSupportsIndirectInputEvents = YES;
				INFOPLIST_KEY_UILaunchStoryboardName = LaunchScreen;
				INFOPLIST_KEY_UISupportedInterfaceOrientations_iPad = "UIInterfaceOrientationPortrait UIInterfaceOrientationPortraitUpsideDown UIInterfaceOrientationLandscapeLeft UIInterfaceOrientationLandscapeRight";
				INFOPLIST_KEY_UISupportedInterfaceOrientations_iPhone = "UIInterfaceOrientationPortrait UIInterfaceOrientationLandscapeLeft UIInterfaceOrientationLandscapeRight";
				LD_RUNPATH_SEARCH_PATHS = (
					"$(inherited)",
					"@executable_path/Frameworks",
				);
				MARKETING_VERSION = 1.0.0;
				PRODUCT_BUNDLE_IDENTIFIER = com.orgaization.Medium;
				PRODUCT_NAME = "$(TARGET_NAME)";
				SWIFT_EMIT_LOC_STRINGS = YES;
				SWIFT_VERSION = 5.0;
				TARGETED_DEVICE_FAMILY = 1;
			};
			name = Debug;
		};
		D5F97A32282316E500005762 /* Release */ = {
			isa = XCBuildConfiguration;
			buildSettings = {
				ASSETCATALOG_COMPILER_APPICON_NAME = AppIcon;
				ASSETCATALOG_COMPILER_GLOBAL_ACCENT_COLOR_NAME = AccentColor;
				CODE_SIGN_STYLE = Automatic;
				CURRENT_PROJECT_VERSION = 1;
				DEVELOPMENT_TEAM = DNW46HQPWS;
				GENERATE_INFOPLIST_FILE = YES;
				INFOPLIST_FILE = Medium/Info.plist;
				INFOPLIST_KEY_UIApplicationSupportsIndirectInputEvents = YES;
				INFOPLIST_KEY_UILaunchStoryboardName = LaunchScreen;
				INFOPLIST_KEY_UISupportedInterfaceOrientations_iPad = "UIInterfaceOrientationPortrait UIInterfaceOrientationPortraitUpsideDown UIInterfaceOrientationLandscapeLeft UIInterfaceOrientationLandscapeRight";
				INFOPLIST_KEY_UISupportedInterfaceOrientations_iPhone = "UIInterfaceOrientationPortrait UIInterfaceOrientationLandscapeLeft UIInterfaceOrientationLandscapeRight";
				LD_RUNPATH_SEARCH_PATHS = (
					"$(inherited)",
					"@executable_path/Frameworks",
				);
				MARKETING_VERSION = 1.0.0;
				PRODUCT_BUNDLE_IDENTIFIER = com.orgaization.Medium;
				PRODUCT_NAME = "$(TARGET_NAME)";
				SWIFT_EMIT_LOC_STRINGS = YES;
				SWIFT_VERSION = 5.0;
				TARGETED_DEVICE_FAMILY = 1;
			};
			name = Release;
		};
/* End XCBuildConfiguration section */

/* Begin XCConfigurationList section */
		D5F97A17282316E200005762 /* Build configuration list for PBXProject "Medium" */ = {
			isa = XCConfigurationList;
			buildConfigurations = (
				D5F97A2E282316E500005762 /* Debug */,
				D5F97A2F282316E500005762 /* Release */,
			);
			defaultConfigurationIsVisible = 0;
			defaultConfigurationName = Release;
		};
		D5F97A30282316E500005762 /* Build configuration list for PBXNativeTarget "Medium" */ = {
			isa = XCConfigurationList;
			buildConfigurations = (
				D5F97A31282316E500005762 /* Debug */,
				D5F97A32282316E500005762 /* Release */,
			);
			defaultConfigurationIsVisible = 0;
			defaultConfigurationName = Release;
		};
/* End XCConfigurationList section */
	};
	rootObject = D5F97A14282316E200005762 /* Project object */;
}
